
Microsoft Visual Studio Solution File, Format Version 12.00
# Visual Studio 15
VisualStudioVersion = 15.0.27130.0
MinimumVisualStudioVersion = 10.0.40219.1
Project("{FAE04EC0-301F-11D3-BF4B-00C04F79EFBC}") = "App8", "App8\App8.csproj", "{79AF74F0-FEE3-4008-A716-BECC39336271}"
EndProject
Project("{FAE04EC0-301F-11D3-BF4B-00C04F79EFBC}") = "ButtonRegistration", "ButtonRegistration\ButtonRegistration.csproj", "{9BED870E-7ECD-4783-BDCF-1EC752DB1EC6}"
EndProject
Global
	GlobalSection(SolutionConfigurationPlatforms) = preSolution
		Debug|Any CPU = Debug|Any CPU
		Release|Any CPU = Release|Any CPU
	EndGlobalSection
	GlobalSection(ProjectConfigurationPlatforms) = postSolution
		{79AF74F0-FEE3-4008-A716-BECC39336271}.Debug|Any CPU.ActiveCfg = Debug|Any CPU
		{79AF74F0-FEE3-4008-A716-BECC39336271}.Debug|Any CPU.Build.0 = Debug|Any CPU
		{79AF74F0-FEE3-4008-A716-BECC39336271}.Debug|Any CPU.Deploy.0 = Debug|Any CPU
		{79AF74F0-FEE3-4008-A716-BECC39336271}.Release|Any CPU.ActiveCfg = Release|Any CPU
		{79AF74F0-FEE3-4008-A716-BECC39336271}.Release|Any CPU.Build.0 = Release|Any CPU
		{79AF74F0-FEE3-4008-A716-BECC39336271}.Release|Any CPU.Deploy.0 = Release|Any CPU
		{9BED870E-7ECD-4783-BDCF-1EC752DB1EC6}.Debug|Any CPU.ActiveCfg = Debug|Any CPU
		{9BED870E-7ECD-4783-BDCF-1EC752DB1EC6}.Debug|Any CPU.Build.0 = Debug|Any CPU
		{9BED870E-7ECD-4783-BDCF-1EC752DB1EC6}.Release|Any CPU.ActiveCfg = Release|Any CPU
		{9BED870E-7ECD-4783-BDCF-1EC752DB1EC6}.Release|Any CPU.Build.0 = Release|Any CPU
	EndGlobalSection
	GlobalSection(SolutionProperties) = preSolution
		HideSolutionNode = FALSE
	EndGlobalSection
	GlobalSection(ExtensibilityGlobals) = postSolution
		SolutionGuid = {307E8B8C-51C2-4805-A835-FEE4E8A9A782}
	EndGlobalSection
EndGlobal
